
Microsoft Visual Studio Solution File, Format Version 12.00
# Visual Studio Version 17
VisualStudioVersion = 17.9.34607.119
MinimumVisualStudioVersion = 10.0.40219.1
Project("{FAE04EC0-301F-11D3-BF4B-00C04F79EFBC}") = "Lab7ex1", "Lab7ex1\Lab7ex1.csproj", "{D6344F63-B79C-4CA9-AFAE-4AE31D225F87}"
EndProject
Global
	GlobalSection(SolutionConfigurationPlatforms) = preSolution
		Debug|Any CPU = Debug|Any CPU
		Release|Any CPU = Release|Any CPU
	EndGlobalSection
	GlobalSection(ProjectConfigurationPlatforms) = postSolution
		{D6344F63-B79C-4CA9-AFAE-4AE31D225F87}.Debug|Any CPU.ActiveCfg = Debug|Any CPU
		{D6344F63-B79C-4CA9-AFAE-4AE31D225F87}.Debug|Any CPU.Build.0 = Debug|Any CPU
		{D6344F63-B79C-4CA9-AFAE-4AE31D225F87}.Release|Any CPU.ActiveCfg = Release|Any CPU
		{D6344F63-B79C-4CA9-AFAE-4AE31D225F87}.Release|Any CPU.Build.0 = Release|Any CPU
	EndGlobalSection
	GlobalSection(SolutionProperties) = preSolution
		HideSolutionNode = FALSE
	EndGlobalSection
	GlobalSection(ExtensibilityGlobals) = postSolution
		SolutionGuid = {D103C474-8A08-4A36-B156-4D0EC64D1BF4}
	EndGlobalSection
EndGlobal
